
Microsoft Visual Studio Solution File, Format Version 12.00
# Visual Studio Version 17
VisualStudioVersion = 17.9.34728.123
MinimumVisualStudioVersion = 10.0.40219.1
Project("{9A19103F-16F7-4668-BE54-9A1E7A4F7556}") = "TaskManager.API", "TaskManager.API\TaskManager.API.csproj", "{80FEF8F8-6541-426C-B67F-29BF40ED465F}"
EndProject
Project("{9A19103F-16F7-4668-BE54-9A1E7A4F7556}") = "TaskManager.Core", "TaskManager.Core\TaskManager.Core.csproj", "{3CADDC02-4E6F-4565-B1A8-7F35A648989A}"
EndProject
Project("{9A19103F-16F7-4668-BE54-9A1E7A4F7556}") = "TaskManager.Application", "TaskManager.Application\TaskManager.Application.csproj", "{A121D009-466E-41DD-934D-1CF6DB0C2C7E}"
EndProject
Project("{9A19103F-16F7-4668-BE54-9A1E7A4F7556}") = "TaskManager.Infrastructure", "TaskManager.Infrastructure\TaskManager.Infrastructure.csproj", "{B3CBA171-0253-462D-A32B-BEEA783A28DD}"
EndProject
Project("{FAE04EC0-301F-11D3-BF4B-00C04F79EFBC}") = "TaskManager.Test", "TaskManager.Test\TaskManager.Test.csproj", "{C0BA85B6-2B78-4DC1-8EFD-33E6A6711F73}"
EndProject
Global
	GlobalSection(SolutionConfigurationPlatforms) = preSolution
		Debug|Any CPU = Debug|Any CPU
		Release|Any CPU = Release|Any CPU
	EndGlobalSection
	GlobalSection(ProjectConfigurationPlatforms) = postSolution
		{80FEF8F8-6541-426C-B67F-29BF40ED465F}.Debug|Any CPU.ActiveCfg = Debug|Any CPU
		{80FEF8F8-6541-426C-B67F-29BF40ED465F}.Debug|Any CPU.Build.0 = Debug|Any CPU
		{80FEF8F8-6541-426C-B67F-29BF40ED465F}.Release|Any CPU.ActiveCfg = Release|Any CPU
		{80FEF8F8-6541-426C-B67F-29BF40ED465F}.Release|Any CPU.Build.0 = Release|Any CPU
		{3CADDC02-4E6F-4565-B1A8-7F35A648989A}.Debug|Any CPU.ActiveCfg = Debug|Any CPU
		{3CADDC02-4E6F-4565-B1A8-7F35A648989A}.Debug|Any CPU.Build.0 = Debug|Any CPU
		{3CADDC02-4E6F-4565-B1A8-7F35A648989A}.Release|Any CPU.ActiveCfg = Release|Any CPU
		{3CADDC02-4E6F-4565-B1A8-7F35A648989A}.Release|Any CPU.Build.0 = Release|Any CPU
		{A121D009-466E-41DD-934D-1CF6DB0C2C7E}.Debug|Any CPU.ActiveCfg = Debug|Any CPU
		{A121D009-466E-41DD-934D-1CF6DB0C2C7E}.Debug|Any CPU.Build.0 = Debug|Any CPU
		{A121D009-466E-41DD-934D-1CF6DB0C2C7E}.Release|Any CPU.ActiveCfg = Release|Any CPU
		{A121D009-466E-41DD-934D-1CF6DB0C2C7E}.Release|Any CPU.Build.0 = Release|Any CPU
		{B3CBA171-0253-462D-A32B-BEEA783A28DD}.Debug|Any CPU.ActiveCfg = Debug|Any CPU
		{B3CBA171-0253-462D-A32B-BEEA783A28DD}.Debug|Any CPU.Build.0 = Debug|Any CPU
		{B3CBA171-0253-462D-A32B-BEEA783A28DD}.Release|Any CPU.ActiveCfg = Release|Any CPU
		{B3CBA171-0253-462D-A32B-BEEA783A28DD}.Release|Any CPU.Build.0 = Release|Any CPU
		{C0BA85B6-2B78-4DC1-8EFD-33E6A6711F73}.Debug|Any CPU.ActiveCfg = Debug|Any CPU
		{C0BA85B6-2B78-4DC1-8EFD-33E6A6711F73}.Debug|Any CPU.Build.0 = Debug|Any CPU
		{C0BA85B6-2B78-4DC1-8EFD-33E6A6711F73}.Release|Any CPU.ActiveCfg = Release|Any CPU
		{C0BA85B6-2B78-4DC1-8EFD-33E6A6711F73}.Release|Any CPU.Build.0 = Release|Any CPU
	EndGlobalSection
	GlobalSection(SolutionProperties) = preSolution
		HideSolutionNode = FALSE
	EndGlobalSection
	GlobalSection(ExtensibilityGlobals) = postSolution
		SolutionGuid = {E65F18E7-1ECE-4570-92CA-A2A2747522CB}
	EndGlobalSection
EndGlobal
